
Microsoft Visual Studio Solution File, Format Version 12.00
# Visual Studio Version 16
VisualStudioVersion = 16.0.29806.167
MinimumVisualStudioVersion = 10.0.40219.1
Project("{8BC9CEB8-8B4A-11D0-8D11-00A0C91BC942}") = "Chap02App", "Chap02App\Chap02App.vcxproj", "{574CD51D-5969-455A-BE00-AFFDB14FE908}"
EndProject
Project("{8BC9CEB8-8B4A-11D0-8D11-00A0C91BC942}") = "Chap03App", "Chap03App\Chap03App.vcxproj", "{E87C15FA-C177-40E3-9C86-9A7AB94D909B}"
EndProject
Project("{8BC9CEB8-8B4A-11D0-8D11-00A0C91BC942}") = "HomeTest", "..\..\2020_homeTest\2020_homeTest\HomeTest\HomeTest.vcxproj", "{46CA7D16-5AAC-4C78-8D19-3B58FA5CEE08}"
EndProject
Project("{8BC9CEB8-8B4A-11D0-8D11-00A0C91BC942}") = "Chap04App", "Chap04App\Chap04App.vcxproj", "{A2C1D204-EB59-4A6B-9822-C47993468328}"
EndProject
Project("{8BC9CEB8-8B4A-11D0-8D11-00A0C91BC942}") = "Chap05App", "Chap05App\Chap05App.vcxproj", "{C6B38FB2-CD85-4C49-86EA-1BB684D4837A}"
EndProject
Project("{8BC9CEB8-8B4A-11D0-8D11-00A0C91BC942}") = "Chap06App", "Chap06App\Chap06App.vcxproj", "{26BC9428-36EC-4BCE-95B0-959429C5D70F}"
EndProject
Project("{8BC9CEB8-8B4A-11D0-8D11-00A0C91BC942}") = "Chap07App", "Chap07App\Chap07App.vcxproj", "{FDF58878-4622-4064-BDA8-D6C9BBFD06B5}"
EndProject
Project("{8BC9CEB8-8B4A-11D0-8D11-00A0C91BC942}") = "Chap09App", "Chap09App\Chap09App.vcxproj", "{210D21A7-AD0E-4564-84FA-4C491ECC56D1}"
EndProject
Project("{8BC9CEB8-8B4A-11D0-8D11-00A0C91BC942}") = "Chap08App", "Chap08App\Chap08App.vcxproj", "{118451F4-0F06-4A65-884C-7DFF850D24F3}"
EndProject
Project("{8BC9CEB8-8B4A-11D0-8D11-00A0C91BC942}") = "Chap10App", "Chap10App\Chap10App.vcxproj", "{DB7C8F7E-0682-4650-8747-FFEF66450282}"
EndProject
Project("{8BC9CEB8-8B4A-11D0-8D11-00A0C91BC942}") = "Chap11App", "Chap11App\Chap11App.vcxproj", "{6C8B68D2-CFFB-49C6-BDAC-D1B4C7DFEF53}"
EndProject
Project("{8BC9CEB8-8B4A-11D0-8D11-00A0C91BC942}") = "Test01", "Test01\Test01.vcxproj", "{517EB0DB-D1A0-473B-870B-1725F80E3184}"
EndProject
Project("{8BC9CEB8-8B4A-11D0-8D11-00A0C91BC942}") = "Chap14_1App", "Chap14_1App\Chap14_1App.vcxproj", "{367DC9A8-16A6-4608-A27E-B5F2B9CC1D6A}"
EndProject
Global
	GlobalSection(SolutionConfigurationPlatforms) = preSolution
		Debug|x64 = Debug|x64
		Debug|x86 = Debug|x86
		Release|x64 = Release|x64
		Release|x86 = Release|x86
	EndGlobalSection
	GlobalSection(ProjectConfigurationPlatforms) = postSolution
		{574CD51D-5969-455A-BE00-AFFDB14FE908}.Debug|x64.ActiveCfg = Debug|x64
		{574CD51D-5969-455A-BE00-AFFDB14FE908}.Debug|x64.Build.0 = Debug|x64
		{574CD51D-5969-455A-BE00-AFFDB14FE908}.Debug|x86.ActiveCfg = Debug|Win32
		{574CD51D-5969-455A-BE00-AFFDB14FE908}.Debug|x86.Build.0 = Debug|Win32
		{574CD51D-5969-455A-BE00-AFFDB14FE908}.Release|x64.ActiveCfg = Release|x64
		{574CD51D-5969-455A-BE00-AFFDB14FE908}.Release|x64.Build.0 = Release|x64
		{574CD51D-5969-455A-BE00-AFFDB14FE908}.Release|x86.ActiveCfg = Release|Win32
		{574CD51D-5969-455A-BE00-AFFDB14FE908}.Release|x86.Build.0 = Release|Win32
		{E87C15FA-C177-40E3-9C86-9A7AB94D909B}.Debug|x64.ActiveCfg = Debug|x64
		{E87C15FA-C177-40E3-9C86-9A7AB94D909B}.Debug|x64.Build.0 = Debug|x64
		{E87C15FA-C177-40E3-9C86-9A7AB94D909B}.Debug|x86.ActiveCfg = Debug|Win32
		{E87C15FA-C177-40E3-9C86-9A7AB94D909B}.Debug|x86.Build.0 = Debug|Win32
		{E87C15FA-C177-40E3-9C86-9A7AB94D909B}.Release|x64.ActiveCfg = Release|x64
		{E87C15FA-C177-40E3-9C86-9A7AB94D909B}.Release|x64.Build.0 = Release|x64
		{E87C15FA-C177-40E3-9C86-9A7AB94D909B}.Release|x86.ActiveCfg = Release|Win32
		{E87C15FA-C177-40E3-9C86-9A7AB94D909B}.Release|x86.Build.0 = Release|Win32
		{46CA7D16-5AAC-4C78-8D19-3B58FA5CEE08}.Debug|x64.ActiveCfg = Debug|x64
		{46CA7D16-5AAC-4C78-8D19-3B58FA5CEE08}.Debug|x64.Build.0 = Debug|x64
		{46CA7D16-5AAC-4C78-8D19-3B58FA5CEE08}.Debug|x86.ActiveCfg = Debug|Win32
		{46CA7D16-5AAC-4C78-8D19-3B58FA5CEE08}.Debug|x86.Build.0 = Debug|Win32
		{46CA7D16-5AAC-4C78-8D19-3B58FA5CEE08}.Release|x64.ActiveCfg = Release|x64
		{46CA7D16-5AAC-4C78-8D19-3B58FA5CEE08}.Release|x64.Build.0 = Release|x64
		{46CA7D16-5AAC-4C78-8D19-3B58FA5CEE08}.Release|x86.ActiveCfg = Release|Win32
		{46CA7D16-5AAC-4C78-8D19-3B58FA5CEE08}.Release|x86.Build.0 = Release|Win32
		{A2C1D204-EB59-4A6B-9822-C47993468328}.Debug|x64.ActiveCfg = Debug|x64
		{A2C1D204-EB59-4A6B-9822-C47993468328}.Debug|x64.Build.0 = Debug|x64
		{A2C1D204-EB59-4A6B-9822-C47993468328}.Debug|x86.ActiveCfg = Debug|Win32
		{A2C1D204-EB59-4A6B-9822-C47993468328}.Debug|x86.Build.0 = Debug|Win32
		{A2C1D204-EB59-4A6B-9822-C47993468328}.Release|x64.ActiveCfg = Release|x64
		{A2C1D204-EB59-4A6B-9822-C47993468328}.Release|x64.Build.0 = Release|x64
		{A2C1D204-EB59-4A6B-9822-C47993468328}.Release|x86.ActiveCfg = Release|Win32
		{A2C1D204-EB59-4A6B-9822-C47993468328}.Release|x86.Build.0 = Release|Win32
		{C6B38FB2-CD85-4C49-86EA-1BB684D4837A}.Debug|x64.ActiveCfg = Debug|x64
		{C6B38FB2-CD85-4C49-86EA-1BB684D4837A}.Debug|x64.Build.0 = Debug|x64
		{C6B38FB2-CD85-4C49-86EA-1BB684D4837A}.Debug|x86.ActiveCfg = Debug|Win32
		{C6B38FB2-CD85-4C49-86EA-1BB684D4837A}.Debug|x86.Build.0 = Debug|Win32
		{C6B38FB2-CD85-4C49-86EA-1BB684D4837A}.Release|x64.ActiveCfg = Release|x64
		{C6B38FB2-CD85-4C49-86EA-1BB684D4837A}.Release|x64.Build.0 = Release|x64
		{C6B38FB2-CD85-4C49-86EA-1BB684D4837A}.Release|x86.ActiveCfg = Release|Win32
		{C6B38FB2-CD85-4C49-86EA-1BB684D4837A}.Release|x86.Build.0 = Release|Win32
		{26BC9428-36EC-4BCE-95B0-959429C5D70F}.Debug|x64.ActiveCfg = Debug|x64
		{26BC9428-36EC-4BCE-95B0-959429C5D70F}.Debug|x64.Build.0 = Debug|x64
		{26BC9428-36EC-4BCE-95B0-959429C5D70F}.Debug|x86.ActiveCfg = Debug|Win32
		{26BC9428-36EC-4BCE-95B0-959429C5D70F}.Debug|x86.Build.0 = Debug|Win32
		{26BC9428-36EC-4BCE-95B0-959429C5D70F}.Release|x64.ActiveCfg = Release|x64
		{26BC9428-36EC-4BCE-95B0-959429C5D70F}.Release|x64.Build.0 = Release|x64
		{26BC9428-36EC-4BCE-95B0-959429C5D70F}.Release|x86.ActiveCfg = Release|Win32
		{26BC9428-36EC-4BCE-95B0-959429C5D70F}.Release|x86.Build.0 = Release|Win32
		{FDF58878-4622-4064-BDA8-D6C9BBFD06B5}.Debug|x64.ActiveCfg = Debug|x64
		{FDF58878-4622-4064-BDA8-D6C9BBFD06B5}.Debug|x64.Build.0 = Debug|x64
		{FDF58878-4622-4064-BDA8-D6C9BBFD06B5}.Debug|x86.ActiveCfg = Debug|Win32
		{FDF58878-4622-4064-BDA8-D6C9BBFD06B5}.Debug|x86.Build.0 = Debug|Win32
		{FDF58878-4622-4064-BDA8-D6C9BBFD06B5}.Release|x64.ActiveCfg = Release|x64
		{FDF58878-4622-4064-BDA8-D6C9BBFD06B5}.Release|x64.Build.0 = Release|x64
		{FDF58878-4622-4064-BDA8-D6C9BBFD06B5}.Release|x86.ActiveCfg = Release|Win32
		{FDF58878-4622-4064-BDA8-D6C9BBFD06B5}.Release|x86.Build.0 = Release|Win32
		{210D21A7-AD0E-4564-84FA-4C491ECC56D1}.Debug|x64.ActiveCfg = Debug|x64
		{210D21A7-AD0E-4564-84FA-4C491ECC56D1}.Debug|x64.Build.0 = Debug|x64
		{210D21A7-AD0E-4564-84FA-4C491ECC56D1}.Debug|x86.ActiveCfg = Debug|Win32
		{210D21A7-AD0E-4564-84FA-4C491ECC56D1}.Debug|x86.Build.0 = Debug|Win32
		{210D21A7-AD0E-4564-84FA-4C491ECC56D1}.Release|x64.ActiveCfg = Release|x64
		{210D21A7-AD0E-4564-84FA-4C491ECC56D1}.Release|x64.Build.0 = Release|x64
		{210D21A7-AD0E-4564-84FA-4C491ECC56D1}.Release|x86.ActiveCfg = Release|Win32
		{210D21A7-AD0E-4564-84FA-4C491ECC56D1}.Release|x86.Build.0 = Release|Win32
		{118451F4-0F06-4A65-884C-7DFF850D24F3}.Debug|x64.ActiveCfg = Debug|x64
		{118451F4-0F06-4A65-884C-7DFF850D24F3}.Debug|x64.Build.0 = Debug|x64
		{118451F4-0F06-4A65-884C-7DFF850D24F3}.Debug|x86.ActiveCfg = Debug|Win32
		{118451F4-0F06-4A65-884C-7DFF850D24F3}.Debug|x86.Build.0 = Debug|Win32
		{118451F4-0F06-4A65-884C-7DFF850D24F3}.Release|x64.ActiveCfg = Release|x64
		{118451F4-0F06-4A65-884C-7DFF850D24F3}.Release|x64.Build.0 = Release|x64
		{118451F4-0F06-4A65-884C-7DFF850D24F3}.Release|x86.ActiveCfg = Release|Win32
		{118451F4-0F06-4A65-884C-7DFF850D24F3}.Release|x86.Build.0 = Release|Win32
		{DB7C8F7E-0682-4650-8747-FFEF66450282}.Debug|x64.ActiveCfg = Debug|x64
		{DB7C8F7E-0682-4650-8747-FFEF66450282}.Debug|x64.Build.0 = Debug|x64
		{DB7C8F7E-0682-4650-8747-FFEF66450282}.Debug|x86.ActiveCfg = Debug|Win32
		{DB7C8F7E-0682-4650-8747-FFEF66450282}.Debug|x86.Build.0 = Debug|Win32
		{DB7C8F7E-0682-4650-8747-FFEF66450282}.Release|x64.ActiveCfg = Release|x64
		{DB7C8F7E-0682-4650-8747-FFEF66450282}.Release|x64.Build.0 = Release|x64
		{DB7C8F7E-0682-4650-8747-FFEF66450282}.Release|x86.ActiveCfg = Release|Win32
		{DB7C8F7E-0682-4650-8747-FFEF66450282}.Release|x86.Build.0 = Release|Win32
		{6C8B68D2-CFFB-49C6-BDAC-D1B4C7DFEF53}.Debug|x64.ActiveCfg = Debug|x64
		{6C8B68D2-CFFB-49C6-BDAC-D1B4C7DFEF53}.Debug|x64.Build.0 = Debug|x64
		{6C8B68D2-CFFB-49C6-BDAC-D1B4C7DFEF53}.Debug|x86.ActiveCfg = Debug|Win32
		{6C8B68D2-CFFB-49C6-BDAC-D1B4C7DFEF53}.Debug|x86.Build.0 = Debug|Win32
		{6C8B68D2-CFFB-49C6-BDAC-D1B4C7DFEF53}.Release|x64.ActiveCfg = Release|x64
		{6C8B68D2-CFFB-49C6-BDAC-D1B4C7DFEF53}.Release|x64.Build.0 = Release|x64
		{6C8B68D2-CFFB-49C6-BDAC-D1B4C7DFEF53}.Release|x86.ActiveCfg = Release|Win32
		{6C8B68D2-CFFB-49C6-BDAC-D1B4C7DFEF53}.Release|x86.Build.0 = Release|Win32
		{517EB0DB-D1A0-473B-870B-1725F80E3184}.Debug|x64.ActiveCfg = Debug|x64
		{517EB0DB-D1A0-473B-870B-1725F80E3184}.Debug|x64.Build.0 = Debug|x64
		{517EB0DB-D1A0-473B-870B-1725F80E3184}.Debug|x86.ActiveCfg = Debug|Win32
		{517EB0DB-D1A0-473B-870B-1725F80E3184}.Debug|x86.Build.0 = Debug|Win32
		{517EB0DB-D1A0-473B-870B-1725F80E3184}.Release|x64.ActiveCfg = Release|x64
		{517EB0DB-D1A0-473B-870B-1725F80E3184}.Release|x64.Build.0 = Release|x64
		{517EB0DB-D1A0-473B-870B-1725F80E3184}.Release|x86.ActiveCfg = Release|Win32
		{517EB0DB-D1A0-473B-870B-1725F80E3184}.Release|x86.Build.0 = Release|Win32
		{367DC9A8-16A6-4608-A27E-B5F2B9CC1D6A}.Debug|x64.ActiveCfg = Debug|x64
		{367DC9A8-16A6-4608-A27E-B5F2B9CC1D6A}.Debug|x64.Build.0 = Debug|x64
		{367DC9A8-16A6-4608-A27E-B5F2B9CC1D6A}.Debug|x86.ActiveCfg = Debug|Win32
		{367DC9A8-16A6-4608-A27E-B5F2B9CC1D6A}.Debug|x86.Build.0 = Debug|Win32
		{367DC9A8-16A6-4608-A27E-B5F2B9CC1D6A}.Release|x64.ActiveCfg = Release|x64
		{367DC9A8-16A6-4608-A27E-B5F2B9CC1D6A}.Release|x64.Build.0 = Release|x64
		{367DC9A8-16A6-4608-A27E-B5F2B9CC1D6A}.Release|x86.ActiveCfg = Release|Win32
		{367DC9A8-16A6-4608-A27E-B5F2B9CC1D6A}.Release|x86.Build.0 = Release|Win32
	EndGlobalSection
	GlobalSection(SolutionProperties) = preSolution
		HideSolutionNode = FALSE
	EndGlobalSection
	GlobalSection(ExtensibilityGlobals) = postSolution
		SolutionGuid = {837D0F4C-AD0D-41B3-BC3D-1D0E0EDA972D}
	EndGlobalSection
EndGlobal
